{
  "requires": true,
  "lockfileVersion": 1,
  "dependencies": {
    "ng2-google-charts": {
      "version": "4.0.0",
      "resolved": "https://registry.npmjs.org/ng2-google-charts/-/ng2-google-charts-4.0.0.tgz",
      "integrity": "sha512-OKSqhmiT5EducIUliT89bz7ugX6vyfd3YK8wvYeZhIl2eSTPKPJpx5bHWgnmqSA5EVXDp+yTgNVWd1HYUh10SQ=="
    }
  }
}
